// !$*UTF8*$!
{
	archiveVersion = 1;
	classes = {
	};
	objectVersion = 60;
	objects = {

/* Begin PBXBuildFile section */
		1F09E4A92C106D6400DB2C21 /* ImagesListCell.swift in Sources */ = {isa = PBXBuildFile; fileRef = 1F09E4A82C106D6400DB2C21 /* ImagesListCell.swift */; };
		1F4D4D4E2C1AF190002E24D5 /* ProfileViewController.swift in Sources */ = {isa = PBXBuildFile; fileRef = 1F4D4D4D2C1AF190002E24D5 /* ProfileViewController.swift */; };
		1F6C0F862C33FD6700A5985C /* AuthViewController.swift in Sources */ = {isa = PBXBuildFile; fileRef = 1F6C0F852C33FD6700A5985C /* AuthViewController.swift */; };
		1F6C0F892C340CDA00A5985C /* WebViewViewController.swift in Sources */ = {isa = PBXBuildFile; fileRef = 1F6C0F882C340CDA00A5985C /* WebViewViewController.swift */; };
		1F704F8D2C551ADB00F4A4CB /* TabBarController.swift in Sources */ = {isa = PBXBuildFile; fileRef = 1F704F8C2C551ADB00F4A4CB /* TabBarController.swift */; };
		1F8E05552C4FB86700FF161F /* ProfileImageService.swift in Sources */ = {isa = PBXBuildFile; fileRef = 1F8E05542C4FB86700FF161F /* ProfileImageService.swift */; };
		1FA323E12C3D3E2A00D2BC6B /* SplashScreenVC.swift in Sources */ = {isa = PBXBuildFile; fileRef = 1FA323E02C3D3E2A00D2BC6B /* SplashScreenVC.swift */; };
		1FC485CE2C3C5854002E2789 /* URLSession+data.swift in Sources */ = {isa = PBXBuildFile; fileRef = 1FC485CD2C3C5854002E2789 /* URLSession+data.swift */; };
		1FC485D02C3C5B09002E2789 /* OAuth2Service.swift in Sources */ = {isa = PBXBuildFile; fileRef = 1FC485CF2C3C5B09002E2789 /* OAuth2Service.swift */; };
		1FC485D22C3C5BD3002E2789 /* OAuthTokenResponseBody.swift in Sources */ = {isa = PBXBuildFile; fileRef = 1FC485D12C3C5BD3002E2789 /* OAuthTokenResponseBody.swift */; };
		1FC485D42C3C5FFB002E2789 /* OAuth2TokenStorage.swift in Sources */ = {isa = PBXBuildFile; fileRef = 1FC485D32C3C5FFB002E2789 /* OAuth2TokenStorage.swift */; };
		1FC632EE2C087D0C00FAC799 /* AppDelegate.swift in Sources */ = {isa = PBXBuildFile; fileRef = 1FC632ED2C087D0C00FAC799 /* AppDelegate.swift */; };
		1FC632F02C087D0C00FAC799 /* SceneDelegate.swift in Sources */ = {isa = PBXBuildFile; fileRef = 1FC632EF2C087D0C00FAC799 /* SceneDelegate.swift */; };
		1FC632F22C087D0C00FAC799 /* ImagesListViewController.swift in Sources */ = {isa = PBXBuildFile; fileRef = 1FC632F12C087D0C00FAC799 /* ImagesListViewController.swift */; };
		1FC632F52C087D0C00FAC799 /* Base in Resources */ = {isa = PBXBuildFile; fileRef = 1FC632F42C087D0C00FAC799 /* Base */; };
		1FC632F72C087D0F00FAC799 /* Assets.xcassets in Resources */ = {isa = PBXBuildFile; fileRef = 1FC632F62C087D0F00FAC799 /* Assets.xcassets */; };
		1FC632FA2C087D0F00FAC799 /* Base in Resources */ = {isa = PBXBuildFile; fileRef = 1FC632F92C087D0F00FAC799 /* Base */; };
		1FCFC4F52C53AEA600E92C49 /* Kingfisher in Frameworks */ = {isa = PBXBuildFile; productRef = 1FCFC4F42C53AEA600E92C49 /* Kingfisher */; };
		1FD80C0B2C32B4B400324092 /* Constants.swift in Sources */ = {isa = PBXBuildFile; fileRef = 1FD80C0A2C32B4B400324092 /* Constants.swift */; };
		1FDA0BA92C1C497A0006B72F /* SingleImageViewController.swift in Sources */ = {isa = PBXBuildFile; fileRef = 1FDA0BA82C1C497A0006B72F /* SingleImageViewController.swift */; };
		1FDA6A222C47BFB300C952C6 /* ProfileService.swift in Sources */ = {isa = PBXBuildFile; fileRef = 1FDA6A212C47BFB300C952C6 /* ProfileService.swift */; };
		1FDA6A242C47C96700C952C6 /* ProfileServicesStructs.swift in Sources */ = {isa = PBXBuildFile; fileRef = 1FDA6A232C47C96700C952C6 /* ProfileServicesStructs.swift */; };
		1FE164B62C5A379C00A93FD8 /* ImagesListService.swift in Sources */ = {isa = PBXBuildFile; fileRef = 1FE164B52C5A379C00A93FD8 /* ImagesListService.swift */; };
		1FE164B82C5A401000A93FD8 /* Image Result.swift in Sources */ = {isa = PBXBuildFile; fileRef = 1FE164B72C5A401000A93FD8 /* Image Result.swift */; };
		1FE3059A2C54F15D0079A89D /* SwiftKeychainWrapper in Frameworks */ = {isa = PBXBuildFile; productRef = 1FE305992C54F15D0079A89D /* SwiftKeychainWrapper */; };
		1FF5A6AB2C4684A50098CF02 /* UIBlockingProgressHUD.swift in Sources */ = {isa = PBXBuildFile; fileRef = 1FF5A6AA2C4684A50098CF02 /* UIBlockingProgressHUD.swift */; };
		1FFF5C1A2C3FDECF003C8B5C /* ProgressHUD in Frameworks */ = {isa = PBXBuildFile; productRef = 1FFF5C192C3FDECF003C8B5C /* ProgressHUD */; };
/* End PBXBuildFile section */

/* Begin PBXContainerItemProxy section */
		1FE164C12C5A4CF200A93FD8 /* PBXContainerItemProxy */ = {
			isa = PBXContainerItemProxy;
			containerPortal = 1FC632E22C087D0C00FAC799 /* Project object */;
			proxyType = 1;
			remoteGlobalIDString = 1FC632E92C087D0C00FAC799;
			remoteInfo = ImageFeed;
		};
/* End PBXContainerItemProxy section */

/* Begin PBXFileReference section */
		1F09E4A82C106D6400DB2C21 /* ImagesListCell.swift */ = {isa = PBXFileReference; lastKnownFileType = sourcecode.swift; path = ImagesListCell.swift; sourceTree = "<group>"; };
		1F4D4D4D2C1AF190002E24D5 /* ProfileViewController.swift */ = {isa = PBXFileReference; lastKnownFileType = sourcecode.swift; path = ProfileViewController.swift; sourceTree = "<group>"; };
		1F6C0F852C33FD6700A5985C /* AuthViewController.swift */ = {isa = PBXFileReference; lastKnownFileType = sourcecode.swift; path = AuthViewController.swift; sourceTree = "<group>"; };
		1F6C0F882C340CDA00A5985C /* WebViewViewController.swift */ = {isa = PBXFileReference; lastKnownFileType = sourcecode.swift; path = WebViewViewController.swift; sourceTree = "<group>"; };
		1F704F8C2C551ADB00F4A4CB /* TabBarController.swift */ = {isa = PBXFileReference; lastKnownFileType = sourcecode.swift; path = TabBarController.swift; sourceTree = "<group>"; };
		1F8E05542C4FB86700FF161F /* ProfileImageService.swift */ = {isa = PBXFileReference; lastKnownFileType = sourcecode.swift; path = ProfileImageService.swift; sourceTree = "<group>"; };
		1FA323E02C3D3E2A00D2BC6B /* SplashScreenVC.swift */ = {isa = PBXFileReference; lastKnownFileType = sourcecode.swift; path = SplashScreenVC.swift; sourceTree = "<group>"; };
		1FC485CD2C3C5854002E2789 /* URLSession+data.swift */ = {isa = PBXFileReference; lastKnownFileType = sourcecode.swift; path = "URLSession+data.swift"; sourceTree = "<group>"; };
		1FC485CF2C3C5B09002E2789 /* OAuth2Service.swift */ = {isa = PBXFileReference; lastKnownFileType = sourcecode.swift; path = OAuth2Service.swift; sourceTree = "<group>"; };
		1FC485D12C3C5BD3002E2789 /* OAuthTokenResponseBody.swift */ = {isa = PBXFileReference; lastKnownFileType = sourcecode.swift; path = OAuthTokenResponseBody.swift; sourceTree = "<group>"; };
		1FC485D32C3C5FFB002E2789 /* OAuth2TokenStorage.swift */ = {isa = PBXFileReference; lastKnownFileType = sourcecode.swift; path = OAuth2TokenStorage.swift; sourceTree = "<group>"; };
		1FC632EA2C087D0C00FAC799 /* ImageFeed.app */ = {isa = PBXFileReference; explicitFileType = wrapper.application; includeInIndex = 0; path = ImageFeed.app; sourceTree = BUILT_PRODUCTS_DIR; };
		1FC632ED2C087D0C00FAC799 /* AppDelegate.swift */ = {isa = PBXFileReference; lastKnownFileType = sourcecode.swift; path = AppDelegate.swift; sourceTree = "<group>"; };
		1FC632EF2C087D0C00FAC799 /* SceneDelegate.swift */ = {isa = PBXFileReference; lastKnownFileType = sourcecode.swift; path = SceneDelegate.swift; sourceTree = "<group>"; };
		1FC632F12C087D0C00FAC799 /* ImagesListViewController.swift */ = {isa = PBXFileReference; lastKnownFileType = sourcecode.swift; path = ImagesListViewController.swift; sourceTree = "<group>"; };
		1FC632F42C087D0C00FAC799 /* Base */ = {isa = PBXFileReference; lastKnownFileType = file.storyboard; name = Base; path = Base.lproj/Main.storyboard; sourceTree = "<group>"; };
		1FC632F62C087D0F00FAC799 /* Assets.xcassets */ = {isa = PBXFileReference; lastKnownFileType = folder.assetcatalog; path = Assets.xcassets; sourceTree = "<group>"; };
		1FC632F92C087D0F00FAC799 /* Base */ = {isa = PBXFileReference; lastKnownFileType = file.storyboard; name = Base; path = Base.lproj/LaunchScreen.storyboard; sourceTree = "<group>"; };
		1FC632FB2C087D0F00FAC799 /* Info.plist */ = {isa = PBXFileReference; lastKnownFileType = text.plist.xml; path = Info.plist; sourceTree = "<group>"; };
		1FD80C0A2C32B4B400324092 /* Constants.swift */ = {isa = PBXFileReference; lastKnownFileType = sourcecode.swift; path = Constants.swift; sourceTree = "<group>"; };
		1FDA0BA82C1C497A0006B72F /* SingleImageViewController.swift */ = {isa = PBXFileReference; lastKnownFileType = sourcecode.swift; path = SingleImageViewController.swift; sourceTree = "<group>"; };
		1FDA6A212C47BFB300C952C6 /* ProfileService.swift */ = {isa = PBXFileReference; lastKnownFileType = sourcecode.swift; path = ProfileService.swift; sourceTree = "<group>"; };
		1FDA6A232C47C96700C952C6 /* ProfileServicesStructs.swift */ = {isa = PBXFileReference; lastKnownFileType = sourcecode.swift; path = ProfileServicesStructs.swift; sourceTree = "<group>"; };
		1FE164B52C5A379C00A93FD8 /* ImagesListService.swift */ = {isa = PBXFileReference; lastKnownFileType = sourcecode.swift; path = ImagesListService.swift; sourceTree = "<group>"; };
		1FE164B72C5A401000A93FD8 /* Image Result.swift */ = {isa = PBXFileReference; lastKnownFileType = sourcecode.swift; path = "Image Result.swift"; sourceTree = "<group>"; };
		1FE164BD2C5A4CF200A93FD8 /* ImageFeedTests.xctest */ = {isa = PBXFileReference; explicitFileType = wrapper.cfbundle; includeInIndex = 0; path = ImageFeedTests.xctest; sourceTree = BUILT_PRODUCTS_DIR; };
		1FF5A6AA2C4684A50098CF02 /* UIBlockingProgressHUD.swift */ = {isa = PBXFileReference; lastKnownFileType = sourcecode.swift; path = UIBlockingProgressHUD.swift; sourceTree = "<group>"; };
/* End PBXFileReference section */

/* Begin PBXFrameworksBuildPhase section */
		1FC632E72C087D0C00FAC799 /* Frameworks */ = {
			isa = PBXFrameworksBuildPhase;
			buildActionMask = 2147483647;
			files = (
				1FCFC4F52C53AEA600E92C49 /* Kingfisher in Frameworks */,
				1FFF5C1A2C3FDECF003C8B5C /* ProgressHUD in Frameworks */,
				1FE3059A2C54F15D0079A89D /* SwiftKeychainWrapper in Frameworks */,
			);
			runOnlyForDeploymentPostprocessing = 0;
		};
		1FE164BA2C5A4CF200A93FD8 /* Frameworks */ = {
			isa = PBXFrameworksBuildPhase;
			buildActionMask = 2147483647;
			files = (
			);
			runOnlyForDeploymentPostprocessing = 0;
		};
/* End PBXFrameworksBuildPhase section */

/* Begin PBXGroup section */
		1F09E4A72C106D2000DB2C21 /* ImagesList */ = {
			isa = PBXGroup;
			children = (
				1FC632F12C087D0C00FAC799 /* ImagesListViewController.swift */,
				1F09E4A82C106D6400DB2C21 /* ImagesListCell.swift */,
				1FE164B52C5A379C00A93FD8 /* ImagesListService.swift */,
				1FE164B72C5A401000A93FD8 /* Image Result.swift */,
			);
			path = ImagesList;
			sourceTree = "<group>";
		};
		1F6C0F872C340CB900A5985C /* Auth */ = {
			isa = PBXGroup;
			children = (
				1F6C0F852C33FD6700A5985C /* AuthViewController.swift */,
				1F6C0F882C340CDA00A5985C /* WebViewViewController.swift */,
				1FA323E02C3D3E2A00D2BC6B /* SplashScreenVC.swift */,
				1FF5A6AA2C4684A50098CF02 /* UIBlockingProgressHUD.swift */,
			);
			path = Auth;
			sourceTree = "<group>";
		};
		1FA3D33C2C3E9435001907C5 /* Services */ = {
			isa = PBXGroup;
			children = (
				1FC485CF2C3C5B09002E2789 /* OAuth2Service.swift */,
				1FC485D12C3C5BD3002E2789 /* OAuthTokenResponseBody.swift */,
				1FC485D32C3C5FFB002E2789 /* OAuth2TokenStorage.swift */,
				1FC485CD2C3C5854002E2789 /* URLSession+data.swift */,
			);
			path = Services;
			sourceTree = "<group>";
		};
		1FC632E12C087D0C00FAC799 = {
			isa = PBXGroup;
			children = (
				1F704F8C2C551ADB00F4A4CB /* TabBarController.swift */,
				1FC632ED2C087D0C00FAC799 /* AppDelegate.swift */,
				1FC632EF2C087D0C00FAC799 /* SceneDelegate.swift */,
				1FC632FB2C087D0F00FAC799 /* Info.plist */,
				1FD80C0A2C32B4B400324092 /* Constants.swift */,
				1FC633012C088F3500FAC799 /* Resources */,
				1FA3D33C2C3E9435001907C5 /* Services */,
				1F6C0F872C340CB900A5985C /* Auth */,
				1FDA6A202C47BE8100C952C6 /* ProfileVC */,
				1FC632EC2C087D0C00FAC799 /* ImageFeed */,
				1F09E4A72C106D2000DB2C21 /* ImagesList */,
				1FC632EB2C087D0C00FAC799 /* Products */,
			);
			sourceTree = "<group>";
		};
		1FC632EB2C087D0C00FAC799 /* Products */ = {
			isa = PBXGroup;
			children = (
				1FC632EA2C087D0C00FAC799 /* ImageFeed.app */,
				1FE164BD2C5A4CF200A93FD8 /* ImageFeedTests.xctest */,
			);
			name = Products;
			sourceTree = "<group>";
		};
		1FC632EC2C087D0C00FAC799 /* ImageFeed */ = {
			isa = PBXGroup;
			children = (
				1FDA0BA82C1C497A0006B72F /* SingleImageViewController.swift */,
			);
			path = ImageFeed;
			sourceTree = "<group>";
		};
		1FC633012C088F3500FAC799 /* Resources */ = {
			isa = PBXGroup;
			children = (
				1FC632F62C087D0F00FAC799 /* Assets.xcassets */,
				1FC632F32C087D0C00FAC799 /* Main.storyboard */,
				1FC632F82C087D0F00FAC799 /* LaunchScreen.storyboard */,
			);
			path = Resources;
			sourceTree = "<group>";
		};
		1FDA6A202C47BE8100C952C6 /* ProfileVC */ = {
			isa = PBXGroup;
			children = (
				1F4D4D4D2C1AF190002E24D5 /* ProfileViewController.swift */,
				1FDA6A212C47BFB300C952C6 /* ProfileService.swift */,
				1F8E05542C4FB86700FF161F /* ProfileImageService.swift */,
				1FDA6A232C47C96700C952C6 /* ProfileServicesStructs.swift */,
			);
			path = ProfileVC;
			sourceTree = "<group>";
		};
/* End PBXGroup section */

/* Begin PBXNativeTarget section */
		1FC632E92C087D0C00FAC799 /* ImageFeed */ = {
			isa = PBXNativeTarget;
			buildConfigurationList = 1FC632FE2C087D0F00FAC799 /* Build configuration list for PBXNativeTarget "ImageFeed" */;
			buildPhases = (
				1FC632E62C087D0C00FAC799 /* Sources */,
				1FC632E72C087D0C00FAC799 /* Frameworks */,
				1FC632E82C087D0C00FAC799 /* Resources */,
			);
			buildRules = (
			);
			dependencies = (
			);
			name = ImageFeed;
			packageProductDependencies = (
				1FFF5C192C3FDECF003C8B5C /* ProgressHUD */,
				1FCFC4F42C53AEA600E92C49 /* Kingfisher */,
				1FE305992C54F15D0079A89D /* SwiftKeychainWrapper */,
			);
			productName = ImageFeed;
			productReference = 1FC632EA2C087D0C00FAC799 /* ImageFeed.app */;
			productType = "com.apple.product-type.application";
		};
		1FE164BC2C5A4CF200A93FD8 /* ImageFeedTests */ = {
			isa = PBXNativeTarget;
			buildConfigurationList = 1FE164C32C5A4CF200A93FD8 /* Build configuration list for PBXNativeTarget "ImageFeedTests" */;
			buildPhases = (
				1FE164B92C5A4CF200A93FD8 /* Sources */,
				1FE164BA2C5A4CF200A93FD8 /* Frameworks */,
				1FE164BB2C5A4CF200A93FD8 /* Resources */,
			);
			buildRules = (
			);
			dependencies = (
				1FE164C22C5A4CF200A93FD8 /* PBXTargetDependency */,
			);
			name = ImageFeedTests;
			productName = ImageFeedTests;
			productReference = 1FE164BD2C5A4CF200A93FD8 /* ImageFeedTests.xctest */;
			productType = "com.apple.product-type.bundle.unit-test";
		};
/* End PBXNativeTarget section */

/* Begin PBXProject section */
		1FC632E22C087D0C00FAC799 /* Project object */ = {
			isa = PBXProject;
			attributes = {
				BuildIndependentTargetsInParallel = 1;
				LastSwiftUpdateCheck = 1540;
				LastUpgradeCheck = 1540;
				TargetAttributes = {
					1FC632E92C087D0C00FAC799 = {
						CreatedOnToolsVersion = 15.4;
					};
					1FE164BC2C5A4CF200A93FD8 = {
						CreatedOnToolsVersion = 15.4;
						TestTargetID = 1FC632E92C087D0C00FAC799;
					};
				};
			};
			buildConfigurationList = 1FC632E52C087D0C00FAC799 /* Build configuration list for PBXProject "ImageFeed" */;
			compatibilityVersion = "Xcode 15.0";
			developmentRegion = en;
			hasScannedForEncodings = 0;
			knownRegions = (
				en,
				Base,
			);
			mainGroup = 1FC632E12C087D0C00FAC799;
			packageReferences = (
				1FFF5C182C3FDECF003C8B5C /* XCRemoteSwiftPackageReference "ProgressHUD" */,
				1FCFC4F32C53AEA600E92C49 /* XCRemoteSwiftPackageReference "Kingfisher" */,
				1FE305982C54F15D0079A89D /* XCRemoteSwiftPackageReference "SwiftKeychainWrapper" */,
			);
			productRefGroup = 1FC632EB2C087D0C00FAC799 /* Products */;
			projectDirPath = "";
			projectRoot = "";
			targets = (
				1FC632E92C087D0C00FAC799 /* ImageFeed */,
				1FE164BC2C5A4CF200A93FD8 /* ImageFeedTests */,
			);
		};
/* End PBXProject section */

/* Begin PBXResourcesBuildPhase section */
		1FC632E82C087D0C00FAC799 /* Resources */ = {
			isa = PBXResourcesBuildPhase;
			buildActionMask = 2147483647;
			files = (
				1FC632F72C087D0F00FAC799 /* Assets.xcassets in Resources */,
				1FC632FA2C087D0F00FAC799 /* Base in Resources */,
				1FC632F52C087D0C00FAC799 /* Base in Resources */,
			);
			runOnlyForDeploymentPostprocessing = 0;
		};
		1FE164BB2C5A4CF200A93FD8 /* Resources */ = {
			isa = PBXResourcesBuildPhase;
			buildActionMask = 2147483647;
			files = (
			);
			runOnlyForDeploymentPostprocessing = 0;
		};
/* End PBXResourcesBuildPhase section */

/* Begin PBXSourcesBuildPhase section */
		1FC632E62C087D0C00FAC799 /* Sources */ = {
			isa = PBXSourcesBuildPhase;
			buildActionMask = 2147483647;
			files = (
				1FC632F22C087D0C00FAC799 /* ImagesListViewController.swift in Sources */,
				1FDA6A222C47BFB300C952C6 /* ProfileService.swift in Sources */,
				1F09E4A92C106D6400DB2C21 /* ImagesListCell.swift in Sources */,
				1FC485D22C3C5BD3002E2789 /* OAuthTokenResponseBody.swift in Sources */,
				1F4D4D4E2C1AF190002E24D5 /* ProfileViewController.swift in Sources */,
				1FE164B62C5A379C00A93FD8 /* ImagesListService.swift in Sources */,
				1FC632EE2C087D0C00FAC799 /* AppDelegate.swift in Sources */,
				1FC485D02C3C5B09002E2789 /* OAuth2Service.swift in Sources */,
				1F6C0F862C33FD6700A5985C /* AuthViewController.swift in Sources */,
				1FDA6A242C47C96700C952C6 /* ProfileServicesStructs.swift in Sources */,
				1FD80C0B2C32B4B400324092 /* Constants.swift in Sources */,
				1FE164B82C5A401000A93FD8 /* Image Result.swift in Sources */,
				1FF5A6AB2C4684A50098CF02 /* UIBlockingProgressHUD.swift in Sources */,
				1FDA0BA92C1C497A0006B72F /* SingleImageViewController.swift in Sources */,
				1FA323E12C3D3E2A00D2BC6B /* SplashScreenVC.swift in Sources */,
				1F704F8D2C551ADB00F4A4CB /* TabBarController.swift in Sources */,
				1F6C0F892C340CDA00A5985C /* WebViewViewController.swift in Sources */,
				1FC485CE2C3C5854002E2789 /* URLSession+data.swift in Sources */,
				1F8E05552C4FB86700FF161F /* ProfileImageService.swift in Sources */,
				1FC485D42C3C5FFB002E2789 /* OAuth2TokenStorage.swift in Sources */,
				1FC632F02C087D0C00FAC799 /* SceneDelegate.swift in Sources */,
			);
			runOnlyForDeploymentPostprocessing = 0;
		};
		1FE164B92C5A4CF200A93FD8 /* Sources */ = {
			isa = PBXSourcesBuildPhase;
			buildActionMask = 2147483647;
			files = (
			);
			runOnlyForDeploymentPostprocessing = 0;
		};
/* End PBXSourcesBuildPhase section */

/* Begin PBXTargetDependency section */
		1FE164C22C5A4CF200A93FD8 /* PBXTargetDependency */ = {
			isa = PBXTargetDependency;
			target = 1FC632E92C087D0C00FAC799 /* ImageFeed */;
			targetProxy = 1FE164C12C5A4CF200A93FD8 /* PBXContainerItemProxy */;
		};
/* End PBXTargetDependency section */

/* Begin PBXVariantGroup section */
		1FC632F32C087D0C00FAC799 /* Main.storyboard */ = {
			isa = PBXVariantGroup;
			children = (
				1FC632F42C087D0C00FAC799 /* Base */,
			);
			name = Main.storyboard;
			sourceTree = "<group>";
		};
		1FC632F82C087D0F00FAC799 /* LaunchScreen.storyboard */ = {
			isa = PBXVariantGroup;
			children = (
				1FC632F92C087D0F00FAC799 /* Base */,
			);
			name = LaunchScreen.storyboard;
			sourceTree = "<group>";
		};
/* End PBXVariantGroup section */

/* Begin XCBuildConfiguration section */
		1FC632FC2C087D0F00FAC799 /* Debug */ = {
			isa = XCBuildConfiguration;
			buildSettings = {
				ALWAYS_SEARCH_USER_PATHS = NO;
				ASSETCATALOG_COMPILER_GENERATE_SWIFT_ASSET_SYMBOL_EXTENSIONS = YES;
				CLANG_ANALYZER_NONNULL = YES;
				CLANG_ANALYZER_NUMBER_OBJECT_CONVERSION = YES_AGGRESSIVE;
				CLANG_CXX_LANGUAGE_STANDARD = "gnu++20";
				CLANG_ENABLE_MODULES = YES;
				CLANG_ENABLE_OBJC_ARC = YES;
				CLANG_ENABLE_OBJC_WEAK = YES;
				CLANG_WARN_BLOCK_CAPTURE_AUTORELEASING = YES;
				CLANG_WARN_BOOL_CONVERSION = YES;
				CLANG_WARN_COMMA = YES;
				CLANG_WARN_CONSTANT_CONVERSION = YES;
				CLANG_WARN_DEPRECATED_OBJC_IMPLEMENTATIONS = YES;
				CLANG_WARN_DIRECT_OBJC_ISA_USAGE = YES_ERROR;
				CLANG_WARN_DOCUMENTATION_COMMENTS = YES;
				CLANG_WARN_EMPTY_BODY = YES;
				CLANG_WARN_ENUM_CONVERSION = YES;
				CLANG_WARN_INFINITE_RECURSION = YES;
				CLANG_WARN_INT_CONVERSION = YES;
				CLANG_WARN_NON_LITERAL_NULL_CONVERSION = YES;
				CLANG_WARN_OBJC_IMPLICIT_RETAIN_SELF = YES;
				CLANG_WARN_OBJC_LITERAL_CONVERSION = YES;
				CLANG_WARN_OBJC_ROOT_CLASS = YES_ERROR;
				CLANG_WARN_QUOTED_INCLUDE_IN_FRAMEWORK_HEADER = YES;
				CLANG_WARN_RANGE_LOOP_ANALYSIS = YES;
				CLANG_WARN_STRICT_PROTOTYPES = YES;
				CLANG_WARN_SUSPICIOUS_MOVE = YES;
				CLANG_WARN_UNGUARDED_AVAILABILITY = YES_AGGRESSIVE;
				CLANG_WARN_UNREACHABLE_CODE = YES;
				CLANG_WARN__DUPLICATE_METHOD_MATCH = YES;
				COPY_PHASE_STRIP = NO;
				DEBUG_INFORMATION_FORMAT = dwarf;
				ENABLE_STRICT_OBJC_MSGSEND = YES;
				ENABLE_TESTABILITY = YES;
				ENABLE_USER_SCRIPT_SANDBOXING = YES;
				GCC_C_LANGUAGE_STANDARD = gnu17;
				GCC_DYNAMIC_NO_PIC = NO;
				GCC_NO_COMMON_BLOCKS = YES;
				GCC_OPTIMIZATION_LEVEL = 0;
				GCC_PREPROCESSOR_DEFINITIONS = (
					"DEBUG=1",
					"$(inherited)",
				);
				GCC_WARN_64_TO_32_BIT_CONVERSION = YES;
				GCC_WARN_ABOUT_RETURN_TYPE = YES_ERROR;
				GCC_WARN_UNDECLARED_SELECTOR = YES;
				GCC_WARN_UNINITIALIZED_AUTOS = YES_AGGRESSIVE;
				GCC_WARN_UNUSED_FUNCTION = YES;
				GCC_WARN_UNUSED_VARIABLE = YES;
				IPHONEOS_DEPLOYMENT_TARGET = 17.5;
				LOCALIZATION_PREFERS_STRING_CATALOGS = YES;
				MTL_ENABLE_DEBUG_INFO = INCLUDE_SOURCE;
				MTL_FAST_MATH = YES;
				ONLY_ACTIVE_ARCH = YES;
				SDKROOT = iphoneos;
				SWIFT_ACTIVE_COMPILATION_CONDITIONS = "DEBUG $(inherited)";
				SWIFT_OPTIMIZATION_LEVEL = "-Onone";
			};
			name = Debug;
		};
		1FC632FD2C087D0F00FAC799 /* Release */ = {
			isa = XCBuildConfiguration;
			buildSettings = {
				ALWAYS_SEARCH_USER_PATHS = NO;
				ASSETCATALOG_COMPILER_GENERATE_SWIFT_ASSET_SYMBOL_EXTENSIONS = YES;
				CLANG_ANALYZER_NONNULL = YES;
				CLANG_ANALYZER_NUMBER_OBJECT_CONVERSION = YES_AGGRESSIVE;
				CLANG_CXX_LANGUAGE_STANDARD = "gnu++20";
				CLANG_ENABLE_MODULES = YES;
				CLANG_ENABLE_OBJC_ARC = YES;
				CLANG_ENABLE_OBJC_WEAK = YES;
				CLANG_WARN_BLOCK_CAPTURE_AUTORELEASING = YES;
				CLANG_WARN_BOOL_CONVERSION = YES;
				CLANG_WARN_COMMA = YES;
				CLANG_WARN_CONSTANT_CONVERSION = YES;
				CLANG_WARN_DEPRECATED_OBJC_IMPLEMENTATIONS = YES;
				CLANG_WARN_DIRECT_OBJC_ISA_USAGE = YES_ERROR;
				CLANG_WARN_DOCUMENTATION_COMMENTS = YES;
				CLANG_WARN_EMPTY_BODY = YES;
				CLANG_WARN_ENUM_CONVERSION = YES;
				CLANG_WARN_INFINITE_RECURSION = YES;
				CLANG_WARN_INT_CONVERSION = YES;
				CLANG_WARN_NON_LITERAL_NULL_CONVERSION = YES;
				CLANG_WARN_OBJC_IMPLICIT_RETAIN_SELF = YES;
				CLANG_WARN_OBJC_LITERAL_CONVERSION = YES;
				CLANG_WARN_OBJC_ROOT_CLASS = YES_ERROR;
				CLANG_WARN_QUOTED_INCLUDE_IN_FRAMEWORK_HEADER = YES;
				CLANG_WARN_RANGE_LOOP_ANALYSIS = YES;
				CLANG_WARN_STRICT_PROTOTYPES = YES;
				CLANG_WARN_SUSPICIOUS_MOVE = YES;
				CLANG_WARN_UNGUARDED_AVAILABILITY = YES_AGGRESSIVE;
				CLANG_WARN_UNREACHABLE_CODE = YES;
				CLANG_WARN__DUPLICATE_METHOD_MATCH = YES;
				COPY_PHASE_STRIP = NO;
				DEBUG_INFORMATION_FORMAT = "dwarf-with-dsym";
				ENABLE_NS_ASSERTIONS = NO;
				ENABLE_STRICT_OBJC_MSGSEND = YES;
				ENABLE_USER_SCRIPT_SANDBOXING = YES;
				GCC_C_LANGUAGE_STANDARD = gnu17;
				GCC_NO_COMMON_BLOCKS = YES;
				GCC_WARN_64_TO_32_BIT_CONVERSION = YES;
				GCC_WARN_ABOUT_RETURN_TYPE = YES_ERROR;
				GCC_WARN_UNDECLARED_SELECTOR = YES;
				GCC_WARN_UNINITIALIZED_AUTOS = YES_AGGRESSIVE;
				GCC_WARN_UNUSED_FUNCTION = YES;
				GCC_WARN_UNUSED_VARIABLE = YES;
				IPHONEOS_DEPLOYMENT_TARGET = 17.5;
				LOCALIZATION_PREFERS_STRING_CATALOGS = YES;
				MTL_ENABLE_DEBUG_INFO = NO;
				MTL_FAST_MATH = YES;
				SDKROOT = iphoneos;
				SWIFT_COMPILATION_MODE = wholemodule;
				VALIDATE_PRODUCT = YES;
			};
			name = Release;
		};
		1FC632FF2C087D0F00FAC799 /* Debug */ = {
			isa = XCBuildConfiguration;
			buildSettings = {
				ASSETCATALOG_COMPILER_APPICON_NAME = AppIcon;
				ASSETCATALOG_COMPILER_GLOBAL_ACCENT_COLOR_NAME = AccentColor;
				CODE_SIGN_STYLE = Automatic;
				CURRENT_PROJECT_VERSION = 1;
				DEVELOPMENT_TEAM = WZ33GNWJ38;
				GENERATE_INFOPLIST_FILE = YES;
				INFOPLIST_FILE = Info.plist;
				INFOPLIST_KEY_UIApplicationSupportsIndirectInputEvents = YES;
				INFOPLIST_KEY_UILaunchStoryboardName = LaunchScreen;
				INFOPLIST_KEY_UIMainStoryboardFile = Main;
				INFOPLIST_KEY_UISupportedInterfaceOrientations = UIInterfaceOrientationPortrait;
				IPHONEOS_DEPLOYMENT_TARGET = 13.0;
				LD_RUNPATH_SEARCH_PATHS = (
					"$(inherited)",
					"@executable_path/Frameworks",
				);
				MARKETING_VERSION = 1.0;
				PRODUCT_BUNDLE_IDENTIFIER = ru.yandex.practicum.ImageFeed;
				PRODUCT_NAME = "$(TARGET_NAME)";
				SUPPORTED_PLATFORMS = "iphoneos iphonesimulator";
				SUPPORTS_MACCATALYST = NO;
				SWIFT_EMIT_LOC_STRINGS = YES;
				SWIFT_VERSION = 5.0;
				TARGETED_DEVICE_FAMILY = 1;
			};
			name = Debug;
		};
		1FC633002C087D0F00FAC799 /* Release */ = {
			isa = XCBuildConfiguration;
			buildSettings = {
				ASSETCATALOG_COMPILER_APPICON_NAME = AppIcon;
				ASSETCATALOG_COMPILER_GLOBAL_ACCENT_COLOR_NAME = AccentColor;
				CODE_SIGN_STYLE = Automatic;
				CURRENT_PROJECT_VERSION = 1;
				DEVELOPMENT_TEAM = WZ33GNWJ38;
				GENERATE_INFOPLIST_FILE = YES;
				INFOPLIST_FILE = Info.plist;
				INFOPLIST_KEY_UIApplicationSupportsIndirectInputEvents = YES;
				INFOPLIST_KEY_UILaunchStoryboardName = LaunchScreen;
				INFOPLIST_KEY_UIMainStoryboardFile = Main;
				INFOPLIST_KEY_UISupportedInterfaceOrientations = UIInterfaceOrientationPortrait;
				IPHONEOS_DEPLOYMENT_TARGET = 13.0;
				LD_RUNPATH_SEARCH_PATHS = (
					"$(inherited)",
					"@executable_path/Frameworks",
				);
				MARKETING_VERSION = 1.0;
				PRODUCT_BUNDLE_IDENTIFIER = ru.yandex.practicum.ImageFeed;
				PRODUCT_NAME = "$(TARGET_NAME)";
				SUPPORTED_PLATFORMS = "iphoneos iphonesimulator";
				SUPPORTS_MACCATALYST = NO;
				SWIFT_EMIT_LOC_STRINGS = YES;
				SWIFT_VERSION = 5.0;
				TARGETED_DEVICE_FAMILY = 1;
			};
			name = Release;
		};
		1FE164C42C5A4CF200A93FD8 /* Debug */ = {
			isa = XCBuildConfiguration;
			buildSettings = {
				BUNDLE_LOADER = "$(TEST_HOST)";
				CODE_SIGN_STYLE = Automatic;
				CURRENT_PROJECT_VERSION = 1;
				DEVELOPMENT_TEAM = WZ33GNWJ38;
				GENERATE_INFOPLIST_FILE = YES;
				MARKETING_VERSION = 1.0;
				PRODUCT_BUNDLE_IDENTIFIER = ru.yandex.practicum.ImageFeedTests;
				PRODUCT_NAME = "$(TARGET_NAME)";
				SWIFT_EMIT_LOC_STRINGS = NO;
				SWIFT_VERSION = 5.0;
				TARGETED_DEVICE_FAMILY = "1,2";
				TEST_HOST = "$(BUILT_PRODUCTS_DIR)/ImageFeed.app/$(BUNDLE_EXECUTABLE_FOLDER_PATH)/ImageFeed";
			};
			name = Debug;
		};
		1FE164C52C5A4CF200A93FD8 /* Release */ = {
			isa = XCBuildConfiguration;
			buildSettings = {
				BUNDLE_LOADER = "$(TEST_HOST)";
				CODE_SIGN_STYLE = Automatic;
				CURRENT_PROJECT_VERSION = 1;
				DEVELOPMENT_TEAM = WZ33GNWJ38;
				GENERATE_INFOPLIST_FILE = YES;
				MARKETING_VERSION = 1.0;
				PRODUCT_BUNDLE_IDENTIFIER = ru.yandex.practicum.ImageFeedTests;
				PRODUCT_NAME = "$(TARGET_NAME)";
				SWIFT_EMIT_LOC_STRINGS = NO;
				SWIFT_VERSION = 5.0;
				TARGETED_DEVICE_FAMILY = "1,2";
				TEST_HOST = "$(BUILT_PRODUCTS_DIR)/ImageFeed.app/$(BUNDLE_EXECUTABLE_FOLDER_PATH)/ImageFeed";
			};
			name = Release;
		};
/* End XCBuildConfiguration section */

/* Begin XCConfigurationList section */
		1FC632E52C087D0C00FAC799 /* Build configuration list for PBXProject "ImageFeed" */ = {
			isa = XCConfigurationList;
			buildConfigurations = (
				1FC632FC2C087D0F00FAC799 /* Debug */,
				1FC632FD2C087D0F00FAC799 /* Release */,
			);
			defaultConfigurationIsVisible = 0;
			defaultConfigurationName = Release;
		};
		1FC632FE2C087D0F00FAC799 /* Build configuration list for PBXNativeTarget "ImageFeed" */ = {
			isa = XCConfigurationList;
			buildConfigurations = (
				1FC632FF2C087D0F00FAC799 /* Debug */,
				1FC633002C087D0F00FAC799 /* Release */,
			);
			defaultConfigurationIsVisible = 0;
			defaultConfigurationName = Release;
		};
		1FE164C32C5A4CF200A93FD8 /* Build configuration list for PBXNativeTarget "ImageFeedTests" */ = {
			isa = XCConfigurationList;
			buildConfigurations = (
				1FE164C42C5A4CF200A93FD8 /* Debug */,
				1FE164C52C5A4CF200A93FD8 /* Release */,
			);
			defaultConfigurationIsVisible = 0;
			defaultConfigurationName = Release;
		};
/* End XCConfigurationList section */

/* Begin XCRemoteSwiftPackageReference section */
		1FCFC4F32C53AEA600E92C49 /* XCRemoteSwiftPackageReference "Kingfisher" */ = {
			isa = XCRemoteSwiftPackageReference;
			repositoryURL = "https://github.com/onevcat/Kingfisher";
			requirement = {
				kind = upToNextMajorVersion;
				minimumVersion = 7.12.0;
			};
		};
		1FE305982C54F15D0079A89D /* XCRemoteSwiftPackageReference "SwiftKeychainWrapper" */ = {
			isa = XCRemoteSwiftPackageReference;
			repositoryURL = "https://github.com/jrendel/SwiftKeychainWrapper";
			requirement = {
				kind = upToNextMajorVersion;
				minimumVersion = 4.0.1;
			};
		};
		1FFF5C182C3FDECF003C8B5C /* XCRemoteSwiftPackageReference "ProgressHUD" */ = {
			isa = XCRemoteSwiftPackageReference;
			repositoryURL = "https://github.com/relatedcode/ProgressHUD";
			requirement = {
				kind = upToNextMajorVersion;
				minimumVersion = 14.1.3;
			};
		};
/* End XCRemoteSwiftPackageReference section */

/* Begin XCSwiftPackageProductDependency section */
		1FCFC4F42C53AEA600E92C49 /* Kingfisher */ = {
			isa = XCSwiftPackageProductDependency;
			package = 1FCFC4F32C53AEA600E92C49 /* XCRemoteSwiftPackageReference "Kingfisher" */;
			productName = Kingfisher;
		};
		1FE305992C54F15D0079A89D /* SwiftKeychainWrapper */ = {
			isa = XCSwiftPackageProductDependency;
			package = 1FE305982C54F15D0079A89D /* XCRemoteSwiftPackageReference "SwiftKeychainWrapper" */;
			productName = SwiftKeychainWrapper;
		};
		1FFF5C192C3FDECF003C8B5C /* ProgressHUD */ = {
			isa = XCSwiftPackageProductDependency;
			package = 1FFF5C182C3FDECF003C8B5C /* XCRemoteSwiftPackageReference "ProgressHUD" */;
			productName = ProgressHUD;
		};
/* End XCSwiftPackageProductDependency section */
	};
	rootObject = 1FC632E22C087D0C00FAC799 /* Project object */;
}
